
Microsoft Visual Studio Solution File, Format Version 12.00
# Visual Studio Version 17
VisualStudioVersion = 17.9.34728.123
MinimumVisualStudioVersion = 10.0.40219.1
Project("{FAE04EC0-301F-11D3-BF4B-00C04F79EFBC}") = "Library homework", "Library homework\Library homework.csproj", "{A2E43725-0DDE-4A0C-A777-6895BED85A5D}"
EndProject
Global
	GlobalSection(SolutionConfigurationPlatforms) = preSolution
		Debug|Any CPU = Debug|Any CPU
		Release|Any CPU = Release|Any CPU
	EndGlobalSection
	GlobalSection(ProjectConfigurationPlatforms) = postSolution
		{A2E43725-0DDE-4A0C-A777-6895BED85A5D}.Debug|Any CPU.ActiveCfg = Debug|Any CPU
		{A2E43725-0DDE-4A0C-A777-6895BED85A5D}.Debug|Any CPU.Build.0 = Debug|Any CPU
		{A2E43725-0DDE-4A0C-A777-6895BED85A5D}.Release|Any CPU.ActiveCfg = Release|Any CPU
		{A2E43725-0DDE-4A0C-A777-6895BED85A5D}.Release|Any CPU.Build.0 = Release|Any CPU
	EndGlobalSection
	GlobalSection(SolutionProperties) = preSolution
		HideSolutionNode = FALSE
	EndGlobalSection
	GlobalSection(ExtensibilityGlobals) = postSolution
		SolutionGuid = {0D74F3A5-87AA-4C50-8D76-C04E3904D926}
	EndGlobalSection
EndGlobal
